{
  "originHash" : "e902d6c1d6f7303a23ed4543f22a460b3af1e45248d077a87f9476b3b90b75a4",
  "pins" : [
    {
      "identity" : "sqlcipher.swift",
      "kind" : "remoteSourceControl",
      "location" : "https://github.com/sqlcipher/SQLCipher.swift.git",
      "state" : {
        "revision" : "247b042574b4838c7eefdb95d6a250a843dcf1ad",
        "version" : "4.11.0"
      }
    }
  ],
  "version" : 3
}
